// !$*UTF8*$!
{
	archiveVersion = 1;
	classes = {
	};
	objectVersion = 46;
	objects = {

/* Begin PBXBuildFile section */
		0A4EC0671C44FA4A00B3717F /* AppDelegate.swift in Sources */ = {isa = PBXBuildFile; fileRef = 0A4EC0661C44FA4A00B3717F /* AppDelegate.swift */; };
		0A4EC0691C44FA4A00B3717F /* ViewController.swift in Sources */ = {isa = PBXBuildFile; fileRef = 0A4EC0681C44FA4A00B3717F /* ViewController.swift */; };
		0A4EC06C1C44FA4A00B3717F /* Main.storyboard in Resources */ = {isa = PBXBuildFile; fileRef = 0A4EC06A1C44FA4A00B3717F /* Main.storyboard */; };
		0A4EC06F1C44FA4A00B3717F /* Database.xcdatamodeld in Sources */ = {isa = PBXBuildFile; fileRef = 0A4EC06D1C44FA4A00B3717F /* Database.xcdatamodeld */; };
		0A4EC0711C44FA4A00B3717F /* Assets.xcassets in Resources */ = {isa = PBXBuildFile; fileRef = 0A4EC0701C44FA4A00B3717F /* Assets.xcassets */; };
		0A4EC0741C44FA4A00B3717F /* LaunchScreen.storyboard in Resources */ = {isa = PBXBuildFile; fileRef = 0A4EC0721C44FA4A00B3717F /* LaunchScreen.storyboard */; };
		0A4EC07F1C44FA4A00B3717F /* DatabaseTests.swift in Sources */ = {isa = PBXBuildFile; fileRef = 0A4EC07E1C44FA4A00B3717F /* DatabaseTests.swift */; };
		0A4EC08A1C44FA4A00B3717F /* DatabaseUITests.swift in Sources */ = {isa = PBXBuildFile; fileRef = 0A4EC0891C44FA4A00B3717F /* DatabaseUITests.swift */; };
		0A4EC0981C44FAB900B3717F /* libsqlite3.0.tbd in Frameworks */ = {isa = PBXBuildFile; fileRef = 0A4EC0971C44FAB900B3717F /* libsqlite3.0.tbd */; };
		0A4EC0A51C44FBC800B3717F /* FMDatabase.m in Sources */ = {isa = PBXBuildFile; fileRef = 0A4EC09C1C44FBC800B3717F /* FMDatabase.m */; };
		0A4EC0A61C44FBC800B3717F /* FMResultSet.m in Sources */ = {isa = PBXBuildFile; fileRef = 0A4EC09E1C44FBC800B3717F /* FMResultSet.m */; };
		0A4EC0A71C44FBC800B3717F /* FMDatabaseQueue.m in Sources */ = {isa = PBXBuildFile; fileRef = 0A4EC0A01C44FBC800B3717F /* FMDatabaseQueue.m */; };
		0A4EC0A81C44FBC800B3717F /* FMDatabaseAdditions.m in Sources */ = {isa = PBXBuildFile; fileRef = 0A4EC0A21C44FBC800B3717F /* FMDatabaseAdditions.m */; };
		0A4EC0A91C44FBC800B3717F /* FMDatabasePool.m in Sources */ = {isa = PBXBuildFile; fileRef = 0A4EC0A41C44FBC800B3717F /* FMDatabasePool.m */; };
/* End PBXBuildFile section */

/* Begin PBXContainerItemProxy section */
		0A4EC07B1C44FA4A00B3717F /* PBXContainerItemProxy */ = {
			isa = PBXContainerItemProxy;
			containerPortal = 0A4EC05B1C44FA4900B3717F /* Project object */;
			proxyType = 1;
			remoteGlobalIDString = 0A4EC0621C44FA4A00B3717F;
			remoteInfo = Database;
		};
		0A4EC0861C44FA4A00B3717F /* PBXContainerItemProxy */ = {
			isa = PBXContainerItemProxy;
			containerPortal = 0A4EC05B1C44FA4900B3717F /* Project object */;
			proxyType = 1;
			remoteGlobalIDString = 0A4EC0621C44FA4A00B3717F;
			remoteInfo = Database;
		};
/* End PBXContainerItemProxy section */

/* Begin PBXFileReference section */
		0A4EC0631C44FA4A00B3717F /* Database.app */ = {isa = PBXFileReference; explicitFileType = wrapper.application; includeInIndex = 0; path = Database.app; sourceTree = BUILT_PRODUCTS_DIR; };
		0A4EC0661C44FA4A00B3717F /* AppDelegate.swift */ = {isa = PBXFileReference; lastKnownFileType = sourcecode.swift; path = AppDelegate.swift; sourceTree = "<group>"; };
		0A4EC0681C44FA4A00B3717F /* ViewController.swift */ = {isa = PBXFileReference; lastKnownFileType = sourcecode.swift; path = ViewController.swift; sourceTree = "<group>"; };
		0A4EC06B1C44FA4A00B3717F /* Base */ = {isa = PBXFileReference; lastKnownFileType = file.storyboard; name = Base; path = Base.lproj/Main.storyboard; sourceTree = "<group>"; };
		0A4EC06E1C44FA4A00B3717F /* Database.xcdatamodel */ = {isa = PBXFileReference; lastKnownFileType = wrapper.xcdatamodel; path = Database.xcdatamodel; sourceTree = "<group>"; };
		0A4EC0701C44FA4A00B3717F /* Assets.xcassets */ = {isa = PBXFileReference; lastKnownFileType = folder.assetcatalog; path = Assets.xcassets; sourceTree = "<group>"; };
		0A4EC0731C44FA4A00B3717F /* Base */ = {isa = PBXFileReference; lastKnownFileType = file.storyboard; name = Base; path = Base.lproj/LaunchScreen.storyboard; sourceTree = "<group>"; };
		0A4EC0751C44FA4A00B3717F /* Info.plist */ = {isa = PBXFileReference; lastKnownFileType = text.plist.xml; path = Info.plist; sourceTree = "<group>"; };
		0A4EC07A1C44FA4A00B3717F /* DatabaseTests.xctest */ = {isa = PBXFileReference; explicitFileType = wrapper.cfbundle; includeInIndex = 0; path = DatabaseTests.xctest; sourceTree = BUILT_PRODUCTS_DIR; };
		0A4EC07E1C44FA4A00B3717F /* DatabaseTests.swift */ = {isa = PBXFileReference; lastKnownFileType = sourcecode.swift; path = DatabaseTests.swift; sourceTree = "<group>"; };
		0A4EC0801C44FA4A00B3717F /* Info.plist */ = {isa = PBXFileReference; lastKnownFileType = text.plist.xml; path = Info.plist; sourceTree = "<group>"; };
		0A4EC0851C44FA4A00B3717F /* DatabaseUITests.xctest */ = {isa = PBXFileReference; explicitFileType = wrapper.cfbundle; includeInIndex = 0; path = DatabaseUITests.xctest; sourceTree = BUILT_PRODUCTS_DIR; };
		0A4EC0891C44FA4A00B3717F /* DatabaseUITests.swift */ = {isa = PBXFileReference; lastKnownFileType = sourcecode.swift; path = DatabaseUITests.swift; sourceTree = "<group>"; };
		0A4EC08B1C44FA4A00B3717F /* Info.plist */ = {isa = PBXFileReference; lastKnownFileType = text.plist.xml; path = Info.plist; sourceTree = "<group>"; };
		0A4EC0971C44FAB900B3717F /* libsqlite3.0.tbd */ = {isa = PBXFileReference; lastKnownFileType = "sourcecode.text-based-dylib-definition"; name = libsqlite3.0.tbd; path = usr/lib/libsqlite3.0.tbd; sourceTree = SDKROOT; };
		0A4EC0991C44FBC800B3717F /* Database-Bridging-Header.h */ = {isa = PBXFileReference; lastKnownFileType = sourcecode.c.h; path = "Database-Bridging-Header.h"; sourceTree = "<group>"; };
		0A4EC09A1C44FBC800B3717F /* FMDB.h */ = {isa = PBXFileReference; fileEncoding = 4; lastKnownFileType = sourcecode.c.h; name = FMDB.h; path = ../../../fmdb/src/fmdb/FMDB.h; sourceTree = "<group>"; };
		0A4EC09B1C44FBC800B3717F /* FMDatabase.h */ = {isa = PBXFileReference; fileEncoding = 4; lastKnownFileType = sourcecode.c.h; name = FMDatabase.h; path = ../../../fmdb/src/fmdb/FMDatabase.h; sourceTree = "<group>"; };
		0A4EC09C1C44FBC800B3717F /* FMDatabase.m */ = {isa = PBXFileReference; fileEncoding = 4; lastKnownFileType = sourcecode.c.objc; name = FMDatabase.m; path = ../../../fmdb/src/fmdb/FMDatabase.m; sourceTree = "<group>"; };
		0A4EC09D1C44FBC800B3717F /* FMResultSet.h */ = {isa = PBXFileReference; fileEncoding = 4; lastKnownFileType = sourcecode.c.h; name = FMResultSet.h; path = ../../../fmdb/src/fmdb/FMResultSet.h; sourceTree = "<group>"; };
		0A4EC09E1C44FBC800B3717F /* FMResultSet.m */ = {isa = PBXFileReference; fileEncoding = 4; lastKnownFileType = sourcecode.c.objc; name = FMResultSet.m; path = ../../../fmdb/src/fmdb/FMResultSet.m; sourceTree = "<group>"; };
		0A4EC09F1C44FBC800B3717F /* FMDatabaseQueue.h */ = {isa = PBXFileReference; fileEncoding = 4; lastKnownFileType = sourcecode.c.h; name = FMDatabaseQueue.h; path = ../../../fmdb/src/fmdb/FMDatabaseQueue.h; sourceTree = "<group>"; };
		0A4EC0A01C44FBC800B3717F /* FMDatabaseQueue.m */ = {isa = PBXFileReference; fileEncoding = 4; lastKnownFileType = sourcecode.c.objc; name = FMDatabaseQueue.m; path = ../../../fmdb/src/fmdb/FMDatabaseQueue.m; sourceTree = "<group>"; };
		0A4EC0A11C44FBC800B3717F /* FMDatabaseAdditions.h */ = {isa = PBXFileReference; fileEncoding = 4; lastKnownFileType = sourcecode.c.h; name = FMDatabaseAdditions.h; path = ../../../fmdb/src/fmdb/FMDatabaseAdditions.h; sourceTree = "<group>"; };
		0A4EC0A21C44FBC800B3717F /* FMDatabaseAdditions.m */ = {isa = PBXFileReference; fileEncoding = 4; lastKnownFileType = sourcecode.c.objc; name = FMDatabaseAdditions.m; path = ../../../fmdb/src/fmdb/FMDatabaseAdditions.m; sourceTree = "<group>"; };
		0A4EC0A31C44FBC800B3717F /* FMDatabasePool.h */ = {isa = PBXFileReference; fileEncoding = 4; lastKnownFileType = sourcecode.c.h; name = FMDatabasePool.h; path = ../../../fmdb/src/fmdb/FMDatabasePool.h; sourceTree = "<group>"; };
		0A4EC0A41C44FBC800B3717F /* FMDatabasePool.m */ = {isa = PBXFileReference; fileEncoding = 4; lastKnownFileType = sourcecode.c.objc; name = FMDatabasePool.m; path = ../../../fmdb/src/fmdb/FMDatabasePool.m; sourceTree = "<group>"; };
/* End PBXFileReference section */

/* Begin PBXFrameworksBuildPhase section */
		0A4EC0601C44FA4A00B3717F /* Frameworks */ = {
			isa = PBXFrameworksBuildPhase;
			buildActionMask = 2147483647;
			files = (
				0A4EC0981C44FAB900B3717F /* libsqlite3.0.tbd in Frameworks */,
			);
			runOnlyForDeploymentPostprocessing = 0;
		};
		0A4EC0771C44FA4A00B3717F /* Frameworks */ = {
			isa = PBXFrameworksBuildPhase;
			buildActionMask = 2147483647;
			files = (
			);
			runOnlyForDeploymentPostprocessing = 0;
		};
		0A4EC0821C44FA4A00B3717F /* Frameworks */ = {
			isa = PBXFrameworksBuildPhase;
			buildActionMask = 2147483647;
			files = (
			);
			runOnlyForDeploymentPostprocessing = 0;
		};
/* End PBXFrameworksBuildPhase section */

/* Begin PBXGroup section */
		0A4EC05A1C44FA4900B3717F = {
			isa = PBXGroup;
			children = (
				0A4EC0971C44FAB900B3717F /* libsqlite3.0.tbd */,
				0A4EC09A1C44FBC800B3717F /* FMDB.h */,
				0A4EC09B1C44FBC800B3717F /* FMDatabase.h */,
				0A4EC09C1C44FBC800B3717F /* FMDatabase.m */,
				0A4EC09D1C44FBC800B3717F /* FMResultSet.h */,
				0A4EC09E1C44FBC800B3717F /* FMResultSet.m */,
				0A4EC09F1C44FBC800B3717F /* FMDatabaseQueue.h */,
				0A4EC0A01C44FBC800B3717F /* FMDatabaseQueue.m */,
				0A4EC0A11C44FBC800B3717F /* FMDatabaseAdditions.h */,
				0A4EC0A21C44FBC800B3717F /* FMDatabaseAdditions.m */,
				0A4EC0A31C44FBC800B3717F /* FMDatabasePool.h */,
				0A4EC0A41C44FBC800B3717F /* FMDatabasePool.m */,
				0A4EC0651C44FA4A00B3717F /* Database */,
				0A4EC07D1C44FA4A00B3717F /* DatabaseTests */,
				0A4EC0881C44FA4A00B3717F /* DatabaseUITests */,
				0A4EC0641C44FA4A00B3717F /* Products */,
				0A4EC0991C44FBC800B3717F /* Database-Bridging-Header.h */,
			);
			sourceTree = "<group>";
		};
		0A4EC0641C44FA4A00B3717F /* Products */ = {
			isa = PBXGroup;
			children = (
				0A4EC0631C44FA4A00B3717F /* Database.app */,
				0A4EC07A1C44FA4A00B3717F /* DatabaseTests.xctest */,
				0A4EC0851C44FA4A00B3717F /* DatabaseUITests.xctest */,
			);
			name = Products;
			sourceTree = "<group>";
		};
		0A4EC0651C44FA4A00B3717F /* Database */ = {
			isa = PBXGroup;
			children = (
				0A4EC0661C44FA4A00B3717F /* AppDelegate.swift */,
				0A4EC0681C44FA4A00B3717F /* ViewController.swift */,
				0A4EC06A1C44FA4A00B3717F /* Main.storyboard */,
				0A4EC0701C44FA4A00B3717F /* Assets.xcassets */,
				0A4EC0721C44FA4A00B3717F /* LaunchScreen.storyboard */,
				0A4EC0751C44FA4A00B3717F /* Info.plist */,
				0A4EC06D1C44FA4A00B3717F /* Database.xcdatamodeld */,
			);
			path = Database;
			sourceTree = "<group>";
		};
		0A4EC07D1C44FA4A00B3717F /* DatabaseTests */ = {
			isa = PBXGroup;
			children = (
				0A4EC07E1C44FA4A00B3717F /* DatabaseTests.swift */,
				0A4EC0801C44FA4A00B3717F /* Info.plist */,
			);
			path = DatabaseTests;
			sourceTree = "<group>";
		};
		0A4EC0881C44FA4A00B3717F /* DatabaseUITests */ = {
			isa = PBXGroup;
			children = (
				0A4EC0891C44FA4A00B3717F /* DatabaseUITests.swift */,
				0A4EC08B1C44FA4A00B3717F /* Info.plist */,
			);
			path = DatabaseUITests;
			sourceTree = "<group>";
		};
/* End PBXGroup section */

/* Begin PBXNativeTarget section */
		0A4EC0621C44FA4A00B3717F /* Database */ = {
			isa = PBXNativeTarget;
			buildConfigurationList = 0A4EC08E1C44FA4A00B3717F /* Build configuration list for PBXNativeTarget "Database" */;
			buildPhases = (
				0A4EC05F1C44FA4A00B3717F /* Sources */,
				0A4EC0601C44FA4A00B3717F /* Frameworks */,
				0A4EC0611C44FA4A00B3717F /* Resources */,
			);
			buildRules = (
			);
			dependencies = (
			);
			name = Database;
			productName = Database;
			productReference = 0A4EC0631C44FA4A00B3717F /* Database.app */;
			productType = "com.apple.product-type.application";
		};
		0A4EC0791C44FA4A00B3717F /* DatabaseTests */ = {
			isa = PBXNativeTarget;
			buildConfigurationList = 0A4EC0911C44FA4A00B3717F /* Build configuration list for PBXNativeTarget "DatabaseTests" */;
			buildPhases = (
				0A4EC0761C44FA4A00B3717F /* Sources */,
				0A4EC0771C44FA4A00B3717F /* Frameworks */,
				0A4EC0781C44FA4A00B3717F /* Resources */,
			);
			buildRules = (
			);
			dependencies = (
				0A4EC07C1C44FA4A00B3717F /* PBXTargetDependency */,
			);
			name = DatabaseTests;
			productName = DatabaseTests;
			productReference = 0A4EC07A1C44FA4A00B3717F /* DatabaseTests.xctest */;
			productType = "com.apple.product-type.bundle.unit-test";
		};
		0A4EC0841C44FA4A00B3717F /* DatabaseUITests */ = {
			isa = PBXNativeTarget;
			buildConfigurationList = 0A4EC0941C44FA4A00B3717F /* Build configuration list for PBXNativeTarget "DatabaseUITests" */;
			buildPhases = (
				0A4EC0811C44FA4A00B3717F /* Sources */,
				0A4EC0821C44FA4A00B3717F /* Frameworks */,
				0A4EC0831C44FA4A00B3717F /* Resources */,
			);
			buildRules = (
			);
			dependencies = (
				0A4EC0871C44FA4A00B3717F /* PBXTargetDependency */,
			);
			name = DatabaseUITests;
			productName = DatabaseUITests;
			productReference = 0A4EC0851C44FA4A00B3717F /* DatabaseUITests.xctest */;
			productType = "com.apple.product-type.bundle.ui-testing";
		};
/* End PBXNativeTarget section */

/* Begin PBXProject section */
		0A4EC05B1C44FA4900B3717F /* Project object */ = {
			isa = PBXProject;
			attributes = {
				LastSwiftUpdateCheck = 0710;
				LastUpgradeCheck = 0710;
				ORGANIZATIONNAME = BridgeLabz;
				TargetAttributes = {
					0A4EC0621C44FA4A00B3717F = {
						CreatedOnToolsVersion = 7.1.1;
					};
					0A4EC0791C44FA4A00B3717F = {
						CreatedOnToolsVersion = 7.1.1;
						TestTargetID = 0A4EC0621C44FA4A00B3717F;
					};
					0A4EC0841C44FA4A00B3717F = {
						CreatedOnToolsVersion = 7.1.1;
						TestTargetID = 0A4EC0621C44FA4A00B3717F;
					};
				};
			};
			buildConfigurationList = 0A4EC05E1C44FA4900B3717F /* Build configuration list for PBXProject "Database" */;
			compatibilityVersion = "Xcode 3.2";
			developmentRegion = English;
			hasScannedForEncodings = 0;
			knownRegions = (
				en,
				Base,
			);
			mainGroup = 0A4EC05A1C44FA4900B3717F;
			productRefGroup = 0A4EC0641C44FA4A00B3717F /* Products */;
			projectDirPath = "";
			projectRoot = "";
			targets = (
				0A4EC0621C44FA4A00B3717F /* Database */,
				0A4EC0791C44FA4A00B3717F /* DatabaseTests */,
				0A4EC0841C44FA4A00B3717F /* DatabaseUITests */,
			);
		};
/* End PBXProject section */

/* Begin PBXResourcesBuildPhase section */
		0A4EC0611C44FA4A00B3717F /* Resources */ = {
			isa = PBXResourcesBuildPhase;
			buildActionMask = 2147483647;
			files = (
				0A4EC0741C44FA4A00B3717F /* LaunchScreen.storyboard in Resources */,
				0A4EC0711C44FA4A00B3717F /* Assets.xcassets in Resources */,
				0A4EC06C1C44FA4A00B3717F /* Main.storyboard in Resources */,
			);
			runOnlyForDeploymentPostprocessing = 0;
		};
		0A4EC0781C44FA4A00B3717F /* Resources */ = {
			isa = PBXResourcesBuildPhase;
			buildActionMask = 2147483647;
			files = (
			);
			runOnlyForDeploymentPostprocessing = 0;
		};
		0A4EC0831C44FA4A00B3717F /* Resources */ = {
			isa = PBXResourcesBuildPhase;
			buildActionMask = 2147483647;
			files = (
			);
			runOnlyForDeploymentPostprocessing = 0;
		};
/* End PBXResourcesBuildPhase section */

/* Begin PBXSourcesBuildPhase section */
		0A4EC05F1C44FA4A00B3717F /* Sources */ = {
			isa = PBXSourcesBuildPhase;
			buildActionMask = 2147483647;
			files = (
				0A4EC0691C44FA4A00B3717F /* ViewController.swift in Sources */,
				0A4EC06F1C44FA4A00B3717F /* Database.xcdatamodeld in Sources */,
				0A4EC0671C44FA4A00B3717F /* AppDelegate.swift in Sources */,
				0A4EC0A51C44FBC800B3717F /* FMDatabase.m in Sources */,
				0A4EC0A61C44FBC800B3717F /* FMResultSet.m in Sources */,
				0A4EC0A91C44FBC800B3717F /* FMDatabasePool.m in Sources */,
				0A4EC0A81C44FBC800B3717F /* FMDatabaseAdditions.m in Sources */,
				0A4EC0A71C44FBC800B3717F /* FMDatabaseQueue.m in Sources */,
			);
			runOnlyForDeploymentPostprocessing = 0;
		};
		0A4EC0761C44FA4A00B3717F /* Sources */ = {
			isa = PBXSourcesBuildPhase;
			buildActionMask = 2147483647;
			files = (
				0A4EC07F1C44FA4A00B3717F /* DatabaseTests.swift in Sources */,
			);
			runOnlyForDeploymentPostprocessing = 0;
		};
		0A4EC0811C44FA4A00B3717F /* Sources */ = {
			isa = PBXSourcesBuildPhase;
			buildActionMask = 2147483647;
			files = (
				0A4EC08A1C44FA4A00B3717F /* DatabaseUITests.swift in Sources */,
			);
			runOnlyForDeploymentPostprocessing = 0;
		};
/* End PBXSourcesBuildPhase section */

/* Begin PBXTargetDependency section */
		0A4EC07C1C44FA4A00B3717F /* PBXTargetDependency */ = {
			isa = PBXTargetDependency;
			target = 0A4EC0621C44FA4A00B3717F /* Database */;
			targetProxy = 0A4EC07B1C44FA4A00B3717F /* PBXContainerItemProxy */;
		};
		0A4EC0871C44FA4A00B3717F /* PBXTargetDependency */ = {
			isa = PBXTargetDependency;
			target = 0A4EC0621C44FA4A00B3717F /* Database */;
			targetProxy = 0A4EC0861C44FA4A00B3717F /* PBXContainerItemProxy */;
		};
/* End PBXTargetDependency section */

/* Begin PBXVariantGroup section */
		0A4EC06A1C44FA4A00B3717F /* Main.storyboard */ = {
			isa = PBXVariantGroup;
			children = (
				0A4EC06B1C44FA4A00B3717F /* Base */,
			);
			name = Main.storyboard;
			sourceTree = "<group>";
		};
		0A4EC0721C44FA4A00B3717F /* LaunchScreen.storyboard */ = {
			isa = PBXVariantGroup;
			children = (
				0A4EC0731C44FA4A00B3717F /* Base */,
			);
			name = LaunchScreen.storyboard;
			sourceTree = "<group>";
		};
/* End PBXVariantGroup section */

/* Begin XCBuildConfiguration section */
		0A4EC08C1C44FA4A00B3717F /* Debug */ = {
			isa = XCBuildConfiguration;
			buildSettings = {
				ALWAYS_SEARCH_USER_PATHS = NO;
				CLANG_CXX_LANGUAGE_STANDARD = "gnu++0x";
				CLANG_CXX_LIBRARY = "libc++";
				CLANG_ENABLE_MODULES = YES;
				CLANG_ENABLE_OBJC_ARC = YES;
				CLANG_WARN_BOOL_CONVERSION = YES;
				CLANG_WARN_CONSTANT_CONVERSION = YES;
				CLANG_WARN_DIRECT_OBJC_ISA_USAGE = YES_ERROR;
				CLANG_WARN_EMPTY_BODY = YES;
				CLANG_WARN_ENUM_CONVERSION = YES;
				CLANG_WARN_INT_CONVERSION = YES;
				CLANG_WARN_OBJC_ROOT_CLASS = YES_ERROR;
				CLANG_WARN_UNREACHABLE_CODE = YES;
				CLANG_WARN__DUPLICATE_METHOD_MATCH = YES;
				"CODE_SIGN_IDENTITY[sdk=iphoneos*]" = "iPhone Developer";
				COPY_PHASE_STRIP = NO;
				DEBUG_INFORMATION_FORMAT = dwarf;
				ENABLE_STRICT_OBJC_MSGSEND = YES;
				ENABLE_TESTABILITY = YES;
				GCC_C_LANGUAGE_STANDARD = gnu99;
				GCC_DYNAMIC_NO_PIC = NO;
				GCC_NO_COMMON_BLOCKS = YES;
				GCC_OPTIMIZATION_LEVEL = 0;
				GCC_PREPROCESSOR_DEFINITIONS = (
					"DEBUG=1",
					"$(inherited)",
				);
				GCC_WARN_64_TO_32_BIT_CONVERSION = YES;
				GCC_WARN_ABOUT_RETURN_TYPE = YES_ERROR;
				GCC_WARN_UNDECLARED_SELECTOR = YES;
				GCC_WARN_UNINITIALIZED_AUTOS = YES_AGGRESSIVE;
				GCC_WARN_UNUSED_FUNCTION = YES;
				GCC_WARN_UNUSED_VARIABLE = YES;
				IPHONEOS_DEPLOYMENT_TARGET = 9.1;
				MTL_ENABLE_DEBUG_INFO = YES;
				ONLY_ACTIVE_ARCH = YES;
				SDKROOT = iphoneos;
				SWIFT_OPTIMIZATION_LEVEL = "-Onone";
			};
			name = Debug;
		};
		0A4EC08D1C44FA4A00B3717F /* Release */ = {
			isa = XCBuildConfiguration;
			buildSettings = {
				ALWAYS_SEARCH_USER_PATHS = NO;
				CLANG_CXX_LANGUAGE_STANDARD = "gnu++0x";
				CLANG_CXX_LIBRARY = "libc++";
				CLANG_ENABLE_MODULES = YES;
				CLANG_ENABLE_OBJC_ARC = YES;
				CLANG_WARN_BOOL_CONVERSION = YES;
				CLANG_WARN_CONSTANT_CONVERSION = YES;
				CLANG_WARN_DIRECT_OBJC_ISA_USAGE = YES_ERROR;
				CLANG_WARN_EMPTY_BODY = YES;
				CLANG_WARN_ENUM_CONVERSION = YES;
				CLANG_WARN_INT_CONVERSION = YES;
				CLANG_WARN_OBJC_ROOT_CLASS = YES_ERROR;
				CLANG_WARN_UNREACHABLE_CODE = YES;
				CLANG_WARN__DUPLICATE_METHOD_MATCH = YES;
				"CODE_SIGN_IDENTITY[sdk=iphoneos*]" = "iPhone Developer";
				COPY_PHASE_STRIP = NO;
				DEBUG_INFORMATION_FORMAT = "dwarf-with-dsym";
				ENABLE_NS_ASSERTIONS = NO;
				ENABLE_STRICT_OBJC_MSGSEND = YES;
				GCC_C_LANGUAGE_STANDARD = gnu99;
				GCC_NO_COMMON_BLOCKS = YES;
				GCC_WARN_64_TO_32_BIT_CONVERSION = YES;
				GCC_WARN_ABOUT_RETURN_TYPE = YES_ERROR;
				GCC_WARN_UNDECLARED_SELECTOR = YES;
				GCC_WARN_UNINITIALIZED_AUTOS = YES_AGGRESSIVE;
				GCC_WARN_UNUSED_FUNCTION = YES;
				GCC_WARN_UNUSED_VARIABLE = YES;
				IPHONEOS_DEPLOYMENT_TARGET = 9.1;
				MTL_ENABLE_DEBUG_INFO = NO;
				SDKROOT = iphoneos;
				VALIDATE_PRODUCT = YES;
			};
			name = Release;
		};
		0A4EC08F1C44FA4A00B3717F /* Debug */ = {
			isa = XCBuildConfiguration;
			buildSettings = {
				ASSETCATALOG_COMPILER_APPICON_NAME = AppIcon;
				CLANG_ENABLE_MODULES = YES;
				INFOPLIST_FILE = Database/Info.plist;
				LD_RUNPATH_SEARCH_PATHS = "$(inherited) @executable_path/Frameworks";
				PRODUCT_BUNDLE_IDENTIFIER = edu.self.Database;
				PRODUCT_NAME = "$(TARGET_NAME)";
				SWIFT_OBJC_BRIDGING_HEADER = "Database-Bridging-Header.h";
				SWIFT_OPTIMIZATION_LEVEL = "-Onone";
			};
			name = Debug;
		};
		0A4EC0901C44FA4A00B3717F /* Release */ = {
			isa = XCBuildConfiguration;
			buildSettings = {
				ASSETCATALOG_COMPILER_APPICON_NAME = AppIcon;
				CLANG_ENABLE_MODULES = YES;
				INFOPLIST_FILE = Database/Info.plist;
				LD_RUNPATH_SEARCH_PATHS = "$(inherited) @executable_path/Frameworks";
				PRODUCT_BUNDLE_IDENTIFIER = edu.self.Database;
				PRODUCT_NAME = "$(TARGET_NAME)";
				SWIFT_OBJC_BRIDGING_HEADER = "Database-Bridging-Header.h";
			};
			name = Release;
		};
		0A4EC0921C44FA4A00B3717F /* Debug */ = {
			isa = XCBuildConfiguration;
			buildSettings = {
				BUNDLE_LOADER = "$(TEST_HOST)";
				INFOPLIST_FILE = DatabaseTests/Info.plist;
				LD_RUNPATH_SEARCH_PATHS = "$(inherited) @executable_path/Frameworks @loader_path/Frameworks";
				PRODUCT_BUNDLE_IDENTIFIER = edu.self.DatabaseTests;
				PRODUCT_NAME = "$(TARGET_NAME)";
				TEST_HOST = "$(BUILT_PRODUCTS_DIR)/Database.app/Database";
			};
			name = Debug;
		};
		0A4EC0931C44FA4A00B3717F /* Release */ = {
			isa = XCBuildConfiguration;
			buildSettings = {
				BUNDLE_LOADER = "$(TEST_HOST)";
				INFOPLIST_FILE = DatabaseTests/Info.plist;
				LD_RUNPATH_SEARCH_PATHS = "$(inherited) @executable_path/Frameworks @loader_path/Frameworks";
				PRODUCT_BUNDLE_IDENTIFIER = edu.self.DatabaseTests;
				PRODUCT_NAME = "$(TARGET_NAME)";
				TEST_HOST = "$(BUILT_PRODUCTS_DIR)/Database.app/Database";
			};
			name = Release;
		};
		0A4EC0951C44FA4A00B3717F /* Debug */ = {
			isa = XCBuildConfiguration;
			buildSettings = {
				INFOPLIST_FILE = DatabaseUITests/Info.plist;
				LD_RUNPATH_SEARCH_PATHS = "$(inherited) @executable_path/Frameworks @loader_path/Frameworks";
				PRODUCT_BUNDLE_IDENTIFIER = edu.self.DatabaseUITests;
				PRODUCT_NAME = "$(TARGET_NAME)";
				TEST_TARGET_NAME = Database;
				USES_XCTRUNNER = YES;
			};
			name = Debug;
		};
		0A4EC0961C44FA4A00B3717F /* Release */ = {
			isa = XCBuildConfiguration;
			buildSettings = {
				INFOPLIST_FILE = DatabaseUITests/Info.plist;
				LD_RUNPATH_SEARCH_PATHS = "$(inherited) @executable_path/Frameworks @loader_path/Frameworks";
				PRODUCT_BUNDLE_IDENTIFIER = edu.self.DatabaseUITests;
				PRODUCT_NAME = "$(TARGET_NAME)";
				TEST_TARGET_NAME = Database;
				USES_XCTRUNNER = YES;
			};
			name = Release;
		};
/* End XCBuildConfiguration section */

/* Begin XCConfigurationList section */
		0A4EC05E1C44FA4900B3717F /* Build configuration list for PBXProject "Database" */ = {
			isa = XCConfigurationList;
			buildConfigurations = (
				0A4EC08C1C44FA4A00B3717F /* Debug */,
				0A4EC08D1C44FA4A00B3717F /* Release */,
			);
			defaultConfigurationIsVisible = 0;
			defaultConfigurationName = Release;
		};
		0A4EC08E1C44FA4A00B3717F /* Build configuration list for PBXNativeTarget "Database" */ = {
			isa = XCConfigurationList;
			buildConfigurations = (
				0A4EC08F1C44FA4A00B3717F /* Debug */,
				0A4EC0901C44FA4A00B3717F /* Release */,
			);
			defaultConfigurationIsVisible = 0;
		};
		0A4EC0911C44FA4A00B3717F /* Build configuration list for PBXNativeTarget "DatabaseTests" */ = {
			isa = XCConfigurationList;
			buildConfigurations = (
				0A4EC0921C44FA4A00B3717F /* Debug */,
				0A4EC0931C44FA4A00B3717F /* Release */,
			);
			defaultConfigurationIsVisible = 0;
		};
		0A4EC0941C44FA4A00B3717F /* Build configuration list for PBXNativeTarget "DatabaseUITests" */ = {
			isa = XCConfigurationList;
			buildConfigurations = (
				0A4EC0951C44FA4A00B3717F /* Debug */,
				0A4EC0961C44FA4A00B3717F /* Release */,
			);
			defaultConfigurationIsVisible = 0;
		};
/* End XCConfigurationList section */

/* Begin XCVersionGroup section */
		0A4EC06D1C44FA4A00B3717F /* Database.xcdatamodeld */ = {
			isa = XCVersionGroup;
			children = (
				0A4EC06E1C44FA4A00B3717F /* Database.xcdatamodel */,
			);
			currentVersion = 0A4EC06E1C44FA4A00B3717F /* Database.xcdatamodel */;
			path = Database.xcdatamodeld;
			sourceTree = "<group>";
			versionGroupType = wrapper.xcdatamodel;
		};
/* End XCVersionGroup section */
	};
	rootObject = 0A4EC05B1C44FA4900B3717F /* Project object */;
}
